
Microsoft Visual Studio Solution File, Format Version 12.00
# Visual Studio Version 17
VisualStudioVersion = 17.14.36408.4 d17.14
MinimumVisualStudioVersion = 10.0.40219.1
Project("{FAE04EC0-301F-11D3-BF4B-00C04F79EFBC}") = "municipal-issue-reporter", "municipal-issue-reporter.csproj", "{49FE4B5F-D7E4-49DE-9A69-F51798D23D03}"
EndProject
Global
	GlobalSection(SolutionConfigurationPlatforms) = preSolution
		Debug|Any CPU = Debug|Any CPU
		Release|Any CPU = Release|Any CPU
	EndGlobalSection
	GlobalSection(ProjectConfigurationPlatforms) = postSolution
		{49FE4B5F-D7E4-49DE-9A69-F51798D23D03}.Debug|Any CPU.ActiveCfg = Debug|Any CPU
		{49FE4B5F-D7E4-49DE-9A69-F51798D23D03}.Debug|Any CPU.Build.0 = Debug|Any CPU
		{49FE4B5F-D7E4-49DE-9A69-F51798D23D03}.Release|Any CPU.ActiveCfg = Release|Any CPU
		{49FE4B5F-D7E4-49DE-9A69-F51798D23D03}.Release|Any CPU.Build.0 = Release|Any CPU
	EndGlobalSection
	GlobalSection(SolutionProperties) = preSolution
		HideSolutionNode = FALSE
	EndGlobalSection
	GlobalSection(ExtensibilityGlobals) = postSolution
		SolutionGuid = {9025FA30-7FED-45E6-A93F-43AD03D479A5}
	EndGlobalSection
EndGlobal
